
Microsoft Visual Studio Solution File, Format Version 12.00
# Visual Studio Version 16
VisualStudioVersion = 16.0.28729.10
MinimumVisualStudioVersion = 10.0.40219.1
Project("{FAE04EC0-301F-11D3-BF4B-00C04F79EFBC}") = "ProyectoFinalPG2", "ProyectoFinalPG2\ProyectoFinalPG2.csproj", "{B17F35ED-D933-412B-8DA9-7BA90427145A}"
EndProject
Global
	GlobalSection(SolutionConfigurationPlatforms) = preSolution
		Debug|Any CPU = Debug|Any CPU
		Release|Any CPU = Release|Any CPU
	EndGlobalSection
	GlobalSection(ProjectConfigurationPlatforms) = postSolution
		{B17F35ED-D933-412B-8DA9-7BA90427145A}.Debug|Any CPU.ActiveCfg = Debug|Any CPU
		{B17F35ED-D933-412B-8DA9-7BA90427145A}.Debug|Any CPU.Build.0 = Debug|Any CPU
		{B17F35ED-D933-412B-8DA9-7BA90427145A}.Release|Any CPU.ActiveCfg = Release|Any CPU
		{B17F35ED-D933-412B-8DA9-7BA90427145A}.Release|Any CPU.Build.0 = Release|Any CPU
	EndGlobalSection
	GlobalSection(SolutionProperties) = preSolution
		HideSolutionNode = FALSE
	EndGlobalSection
	GlobalSection(ExtensibilityGlobals) = postSolution
		SolutionGuid = {689839E5-E527-4622-9FCB-2B89405FE63A}
	EndGlobalSection
EndGlobal
